
Microsoft Visual Studio Solution File, Format Version 12.00
# Visual Studio Version 16
VisualStudioVersion = 16.0.31911.196
MinimumVisualStudioVersion = 10.0.40219.1
Project("{FAE04EC0-301F-11D3-BF4B-00C04F79EFBC}") = "lab2", "lab2\lab2.csproj", "{2187AC18-ADD8-4F19-A222-2E100A51F0F0}"
EndProject
Global
	GlobalSection(SolutionConfigurationPlatforms) = preSolution
		Debug|Any CPU = Debug|Any CPU
		Release|Any CPU = Release|Any CPU
	EndGlobalSection
	GlobalSection(ProjectConfigurationPlatforms) = postSolution
		{2187AC18-ADD8-4F19-A222-2E100A51F0F0}.Debug|Any CPU.ActiveCfg = Debug|Any CPU
		{2187AC18-ADD8-4F19-A222-2E100A51F0F0}.Debug|Any CPU.Build.0 = Debug|Any CPU
		{2187AC18-ADD8-4F19-A222-2E100A51F0F0}.Release|Any CPU.ActiveCfg = Release|Any CPU
		{2187AC18-ADD8-4F19-A222-2E100A51F0F0}.Release|Any CPU.Build.0 = Release|Any CPU
	EndGlobalSection
	GlobalSection(SolutionProperties) = preSolution
		HideSolutionNode = FALSE
	EndGlobalSection
	GlobalSection(ExtensibilityGlobals) = postSolution
		SolutionGuid = {56986B8C-1176-44F5-B5F7-F445BE58185A}
	EndGlobalSection
EndGlobal
